
Microsoft Visual Studio Solution File, Format Version 12.00
# Visual Studio Version 17
VisualStudioVersion = 17.4.33213.308
MinimumVisualStudioVersion = 10.0.40219.1
Project("{9A19103F-16F7-4668-BE54-9A1E7A4F7556}") = "BusinessObject", "BusinessObject\BusinessObject.csproj", "{0A74823C-17FB-440A-BD46-2FF8EC8C3B34}"
EndProject
Project("{9A19103F-16F7-4668-BE54-9A1E7A4F7556}") = "DataAccess", "DataAccess\DataAccess.csproj", "{955492CF-BC34-4AFA-90F3-953D1F102026}"
EndProject
Project("{FAE04EC0-301F-11D3-BF4B-00C04F79EFBC}") = "eStoreAPI", "eStoreAPI\eStoreAPI.csproj", "{2A0720E1-EECE-4F26-AD8D-6FDB851C68AB}"
EndProject
Project("{FAE04EC0-301F-11D3-BF4B-00C04F79EFBC}") = "eStoreClient", "eStoreClient\eStoreClient.csproj", "{413167E6-D99B-4C16-A67A-3C046BCD2D4A}"
EndProject
Global
	GlobalSection(SolutionConfigurationPlatforms) = preSolution
		Debug|Any CPU = Debug|Any CPU
		Release|Any CPU = Release|Any CPU
	EndGlobalSection
	GlobalSection(ProjectConfigurationPlatforms) = postSolution
		{0A74823C-17FB-440A-BD46-2FF8EC8C3B34}.Debug|Any CPU.ActiveCfg = Debug|Any CPU
		{0A74823C-17FB-440A-BD46-2FF8EC8C3B34}.Debug|Any CPU.Build.0 = Debug|Any CPU
		{0A74823C-17FB-440A-BD46-2FF8EC8C3B34}.Release|Any CPU.ActiveCfg = Release|Any CPU
		{0A74823C-17FB-440A-BD46-2FF8EC8C3B34}.Release|Any CPU.Build.0 = Release|Any CPU
		{955492CF-BC34-4AFA-90F3-953D1F102026}.Debug|Any CPU.ActiveCfg = Debug|Any CPU
		{955492CF-BC34-4AFA-90F3-953D1F102026}.Debug|Any CPU.Build.0 = Debug|Any CPU
		{955492CF-BC34-4AFA-90F3-953D1F102026}.Release|Any CPU.ActiveCfg = Release|Any CPU
		{955492CF-BC34-4AFA-90F3-953D1F102026}.Release|Any CPU.Build.0 = Release|Any CPU
		{2A0720E1-EECE-4F26-AD8D-6FDB851C68AB}.Debug|Any CPU.ActiveCfg = Debug|Any CPU
		{2A0720E1-EECE-4F26-AD8D-6FDB851C68AB}.Debug|Any CPU.Build.0 = Debug|Any CPU
		{2A0720E1-EECE-4F26-AD8D-6FDB851C68AB}.Release|Any CPU.ActiveCfg = Release|Any CPU
		{2A0720E1-EECE-4F26-AD8D-6FDB851C68AB}.Release|Any CPU.Build.0 = Release|Any CPU
		{413167E6-D99B-4C16-A67A-3C046BCD2D4A}.Debug|Any CPU.ActiveCfg = Debug|Any CPU
		{413167E6-D99B-4C16-A67A-3C046BCD2D4A}.Debug|Any CPU.Build.0 = Debug|Any CPU
		{413167E6-D99B-4C16-A67A-3C046BCD2D4A}.Release|Any CPU.ActiveCfg = Release|Any CPU
		{413167E6-D99B-4C16-A67A-3C046BCD2D4A}.Release|Any CPU.Build.0 = Release|Any CPU
	EndGlobalSection
	GlobalSection(SolutionProperties) = preSolution
		HideSolutionNode = FALSE
	EndGlobalSection
	GlobalSection(ExtensibilityGlobals) = postSolution
		SolutionGuid = {E503CFFE-6DB7-4423-A13B-EE37EFBE38D2}
	EndGlobalSection
EndGlobal
